
Microsoft Visual Studio Solution File, Format Version 12.00
# Visual Studio 14
VisualStudioVersion = 14.0.25420.1
MinimumVisualStudioVersion = 10.0.40219.1
Project("{FAE04EC0-301F-11D3-BF4B-00C04F79EFBC}") = "Umbrastic", "Umbrastic\Umbrastic.csproj", "{D32D00F2-CE1D-43A6-84DE-957E000A886F}"
EndProject
Project("{FAE04EC0-301F-11D3-BF4B-00C04F79EFBC}") = "Umbrastic.Core", "Umbrastic.Core\Umbrastic.Core.csproj", "{3E4E4525-E340-424D-B525-9A6B43715A96}"
EndProject
Global
	GlobalSection(SolutionConfigurationPlatforms) = preSolution
		Debug|Any CPU = Debug|Any CPU
		Release|Any CPU = Release|Any CPU
	EndGlobalSection
	GlobalSection(ProjectConfigurationPlatforms) = postSolution
		{D32D00F2-CE1D-43A6-84DE-957E000A886F}.Debug|Any CPU.ActiveCfg = Debug|Any CPU
		{D32D00F2-CE1D-43A6-84DE-957E000A886F}.Debug|Any CPU.Build.0 = Debug|Any CPU
		{D32D00F2-CE1D-43A6-84DE-957E000A886F}.Release|Any CPU.ActiveCfg = Release|Any CPU
		{D32D00F2-CE1D-43A6-84DE-957E000A886F}.Release|Any CPU.Build.0 = Release|Any CPU
		{3E4E4525-E340-424D-B525-9A6B43715A96}.Debug|Any CPU.ActiveCfg = Debug|Any CPU
		{3E4E4525-E340-424D-B525-9A6B43715A96}.Debug|Any CPU.Build.0 = Debug|Any CPU
		{3E4E4525-E340-424D-B525-9A6B43715A96}.Release|Any CPU.ActiveCfg = Release|Any CPU
		{3E4E4525-E340-424D-B525-9A6B43715A96}.Release|Any CPU.Build.0 = Release|Any CPU
	EndGlobalSection
	GlobalSection(SolutionProperties) = preSolution
		HideSolutionNode = FALSE
	EndGlobalSection
EndGlobal
